
Microsoft Visual Studio Solution File, Format Version 12.00
# Visual Studio 15
VisualStudioVersion = 15.0.28307.136
MinimumVisualStudioVersion = 10.0.40219.1
Project("{FAE04EC0-301F-11D3-BF4B-00C04F79EFBC}") = "Kommunity_WebApp", "Kommunity_WebApp\Kommunity_WebApp.csproj", "{E9ABA5A1-C06D-4C3A-B4D5-FD4DAAFE92A1}"
EndProject
Global
	GlobalSection(SolutionConfigurationPlatforms) = preSolution
		Debug|Any CPU = Debug|Any CPU
		Release|Any CPU = Release|Any CPU
	EndGlobalSection
	GlobalSection(ProjectConfigurationPlatforms) = postSolution
		{E9ABA5A1-C06D-4C3A-B4D5-FD4DAAFE92A1}.Debug|Any CPU.ActiveCfg = Debug|Any CPU
		{E9ABA5A1-C06D-4C3A-B4D5-FD4DAAFE92A1}.Debug|Any CPU.Build.0 = Debug|Any CPU
		{E9ABA5A1-C06D-4C3A-B4D5-FD4DAAFE92A1}.Release|Any CPU.ActiveCfg = Release|Any CPU
		{E9ABA5A1-C06D-4C3A-B4D5-FD4DAAFE92A1}.Release|Any CPU.Build.0 = Release|Any CPU
	EndGlobalSection
	GlobalSection(SolutionProperties) = preSolution
		HideSolutionNode = FALSE
	EndGlobalSection
	GlobalSection(ExtensibilityGlobals) = postSolution
		SolutionGuid = {0D16A555-F3D3-4DA0-8089-E9DD0A075D77}
	EndGlobalSection
EndGlobal
